
Microsoft Visual Studio Solution File, Format Version 12.00
# Visual Studio Version 17
VisualStudioVersion = 17.1.32210.238
MinimumVisualStudioVersion = 10.0.40219.1
Project("{9A19103F-16F7-4668-BE54-9A1E7A4F7556}") = "API", "API\API.csproj", "{7EE02D4F-D64A-4BCC-8623-BCFB682514FC}"
EndProject
Project("{9A19103F-16F7-4668-BE54-9A1E7A4F7556}") = "Application", "Application\Application.csproj", "{041D0095-C1D4-4B45-BD40-3940EE3D1189}"
EndProject
Project("{9A19103F-16F7-4668-BE54-9A1E7A4F7556}") = "Domain", "Domain\Domain.csproj", "{00EEEF79-0870-4A7F-AE58-047E07DB638C}"
EndProject
Project("{9A19103F-16F7-4668-BE54-9A1E7A4F7556}") = "Persistence", "Persistence\Persistence.csproj", "{80956687-C4BC-489E-88E1-CE754B6F1E4B}"
EndProject
Project("{9A19103F-16F7-4668-BE54-9A1E7A4F7556}") = "PhoneBook.UnitTest", "Test\PhoneBook.UnitTest.csproj", "{B39069B7-DC6D-4BDD-A742-C453C7B8471B}"
EndProject
Global
	GlobalSection(SolutionConfigurationPlatforms) = preSolution
		Debug|Any CPU = Debug|Any CPU
		Release|Any CPU = Release|Any CPU
	EndGlobalSection
	GlobalSection(ProjectConfigurationPlatforms) = postSolution
		{7EE02D4F-D64A-4BCC-8623-BCFB682514FC}.Debug|Any CPU.ActiveCfg = Debug|Any CPU
		{7EE02D4F-D64A-4BCC-8623-BCFB682514FC}.Debug|Any CPU.Build.0 = Debug|Any CPU
		{7EE02D4F-D64A-4BCC-8623-BCFB682514FC}.Release|Any CPU.ActiveCfg = Release|Any CPU
		{7EE02D4F-D64A-4BCC-8623-BCFB682514FC}.Release|Any CPU.Build.0 = Release|Any CPU
		{041D0095-C1D4-4B45-BD40-3940EE3D1189}.Debug|Any CPU.ActiveCfg = Debug|Any CPU
		{041D0095-C1D4-4B45-BD40-3940EE3D1189}.Debug|Any CPU.Build.0 = Debug|Any CPU
		{041D0095-C1D4-4B45-BD40-3940EE3D1189}.Release|Any CPU.ActiveCfg = Release|Any CPU
		{041D0095-C1D4-4B45-BD40-3940EE3D1189}.Release|Any CPU.Build.0 = Release|Any CPU
		{00EEEF79-0870-4A7F-AE58-047E07DB638C}.Debug|Any CPU.ActiveCfg = Debug|Any CPU
		{00EEEF79-0870-4A7F-AE58-047E07DB638C}.Debug|Any CPU.Build.0 = Debug|Any CPU
		{00EEEF79-0870-4A7F-AE58-047E07DB638C}.Release|Any CPU.ActiveCfg = Release|Any CPU
		{00EEEF79-0870-4A7F-AE58-047E07DB638C}.Release|Any CPU.Build.0 = Release|Any CPU
		{80956687-C4BC-489E-88E1-CE754B6F1E4B}.Debug|Any CPU.ActiveCfg = Debug|Any CPU
		{80956687-C4BC-489E-88E1-CE754B6F1E4B}.Debug|Any CPU.Build.0 = Debug|Any CPU
		{80956687-C4BC-489E-88E1-CE754B6F1E4B}.Release|Any CPU.ActiveCfg = Release|Any CPU
		{80956687-C4BC-489E-88E1-CE754B6F1E4B}.Release|Any CPU.Build.0 = Release|Any CPU
		{B39069B7-DC6D-4BDD-A742-C453C7B8471B}.Debug|Any CPU.ActiveCfg = Debug|Any CPU
		{B39069B7-DC6D-4BDD-A742-C453C7B8471B}.Debug|Any CPU.Build.0 = Debug|Any CPU
		{B39069B7-DC6D-4BDD-A742-C453C7B8471B}.Release|Any CPU.ActiveCfg = Release|Any CPU
		{B39069B7-DC6D-4BDD-A742-C453C7B8471B}.Release|Any CPU.Build.0 = Release|Any CPU
	EndGlobalSection
	GlobalSection(SolutionProperties) = preSolution
		HideSolutionNode = FALSE
	EndGlobalSection
	GlobalSection(ExtensibilityGlobals) = postSolution
		SolutionGuid = {FAFDF342-DF68-470A-9081-8D81E28BE501}
	EndGlobalSection
EndGlobal
